
Microsoft Visual Studio Solution File, Format Version 12.00
# Visual Studio Version 16
VisualStudioVersion = 16.0.30413.136
MinimumVisualStudioVersion = 10.0.40219.1
Project("{FAE04EC0-301F-11D3-BF4B-00C04F79EFBC}") = "TP1CSHARP", "TP1CSHARP\TP1CSHARP.csproj", "{E26F7AE4-6A54-456F-8280-D6C6BE4ACFCD}"
EndProject
Global
	GlobalSection(SolutionConfigurationPlatforms) = preSolution
		Debug|Any CPU = Debug|Any CPU
		Release|Any CPU = Release|Any CPU
	EndGlobalSection
	GlobalSection(ProjectConfigurationPlatforms) = postSolution
		{E26F7AE4-6A54-456F-8280-D6C6BE4ACFCD}.Debug|Any CPU.ActiveCfg = Debug|Any CPU
		{E26F7AE4-6A54-456F-8280-D6C6BE4ACFCD}.Debug|Any CPU.Build.0 = Debug|Any CPU
		{E26F7AE4-6A54-456F-8280-D6C6BE4ACFCD}.Release|Any CPU.ActiveCfg = Release|Any CPU
		{E26F7AE4-6A54-456F-8280-D6C6BE4ACFCD}.Release|Any CPU.Build.0 = Release|Any CPU
	EndGlobalSection
	GlobalSection(SolutionProperties) = preSolution
		HideSolutionNode = FALSE
	EndGlobalSection
	GlobalSection(ExtensibilityGlobals) = postSolution
		SolutionGuid = {2B0CD2EE-E9E9-4239-AD9D-4743F036CE35}
	EndGlobalSection
EndGlobal
